
Microsoft Visual Studio Solution File, Format Version 12.00
# Visual Studio Version 17
VisualStudioVersion = 17.11.35327.3
MinimumVisualStudioVersion = 10.0.40219.1
Project("{FAE04EC0-301F-11D3-BF4B-00C04F79EFBC}") = "RandomTest", "RandomTest.csproj", "{12021172-ABE7-4A6C-8576-32C10C215AB9}"
EndProject
Global
	GlobalSection(SolutionConfigurationPlatforms) = preSolution
		Debug|Any CPU = Debug|Any CPU
		Release|Any CPU = Release|Any CPU
	EndGlobalSection
	GlobalSection(ProjectConfigurationPlatforms) = postSolution
		{12021172-ABE7-4A6C-8576-32C10C215AB9}.Debug|Any CPU.ActiveCfg = Debug|Any CPU
		{12021172-ABE7-4A6C-8576-32C10C215AB9}.Debug|Any CPU.Build.0 = Debug|Any CPU
		{12021172-ABE7-4A6C-8576-32C10C215AB9}.Release|Any CPU.ActiveCfg = Release|Any CPU
		{12021172-ABE7-4A6C-8576-32C10C215AB9}.Release|Any CPU.Build.0 = Release|Any CPU
	EndGlobalSection
	GlobalSection(SolutionProperties) = preSolution
		HideSolutionNode = FALSE
	EndGlobalSection
	GlobalSection(ExtensibilityGlobals) = postSolution
		SolutionGuid = {9CBE8A01-EB20-4F8B-8946-B373224ED122}
	EndGlobalSection
EndGlobal
